{
    "name": "wpdoc",
    "version": "0.5.0",
    "lockfileVersion": 1,
    "requires": true,
    "dependencies": {
        "commander": {
            "version": "2.19.0",
            "resolved": "https://registry.npmjs.org/commander/-/commander-2.19.0.tgz",
            "integrity": "sha512-6tvAOO+D6OENvRAh524Dh9jcfKTYDQAqvqezbCW82xj5X0pSrcpxtvRKHLG0yBY6SD7PSDrJaj+0AiOcKVd1Xg=="
        },
        "cookie": {
            "version": "0.3.1",
            "resolved": "https://registry.npmjs.org/cookie/-/cookie-0.3.1.tgz",
            "integrity": "sha1-5+Ch+e9DtMi6klxcWpboBtFoc7s="
        },
        "cookie-parser": {
            "version": "1.4.3",
            "resolved": "https://registry.npmjs.org/cookie-parser/-/cookie-parser-1.4.3.tgz",
            "integrity": "sha1-D+MfoZ0AC5X0qt8fU/3CuKIDuqU=",
            "requires": {
                "cookie": "0.3.1",
                "cookie-signature": "1.0.6"
            }
        },
        "cookie-signature": {
            "version": "1.0.6",
            "resolved": "https://registry.npmjs.org/cookie-signature/-/cookie-signature-1.0.6.tgz",
            "integrity": "sha1-4wOogrNCzD7oylE6eZmXNNqzriw="
        },
        "fs": {
            "version": "0.0.1-security",
            "resolved": "https://registry.npmjs.org/fs/-/fs-0.0.1-security.tgz",
            "integrity": "sha1-invTcYa23d84E/I4WLV+yq9eQdQ="
        },
        "indento": {
            "version": "1.1.11",
            "resolved": "https://registry.npmjs.org/indento/-/indento-1.1.11.tgz",
            "integrity": "sha512-49inTnR7L+joQk6KLS1hy8QW6nsH0LAqqb6qT9nxgD3VDVGAyPwkidO0dtjXPo+P8NlTZQphq61BA1cmxPVUyg=="
        },
        "inherits": {
            "version": "2.0.3",
            "resolved": "https://registry.npmjs.org/inherits/-/inherits-2.0.3.tgz",
            "integrity": "sha1-Yzwsg+PaQqUC9SRmAiSA9CCCYd4="
        },
        "json2md": {
            "version": "1.6.1",
            "resolved": "https://registry.npmjs.org/json2md/-/json2md-1.6.1.tgz",
            "integrity": "sha512-O/dYWihMsYRf1J9EqhMLvIDSles1LKPtJTiXD3/dcuezdvJVPygFid5s6BN1tKbGYJ5x5BBo2zFfKztttyQu3Q==",
            "requires": {
                "indento": "^1.1.7"
            }
        },
        "lodash": {
            "version": "4.17.11",
            "resolved": "https://registry.npmjs.org/lodash/-/lodash-4.17.11.tgz",
            "integrity": "sha512-cQKh8igo5QUhZ7lg38DYWAxMvjSAKG0A8wGSVimP07SIUEK2UO+arSRKbRZWtelMtN5V0Hkwh5ryOto/SshYIg=="
        },
        "morphism": {
            "version": "1.6.1",
            "resolved": "https://registry.npmjs.org/morphism/-/morphism-1.6.1.tgz",
            "integrity": "sha512-oLs6hn55LeJ/HW9cp0vcHBgmaMyAuhM4rAsFwmXiA9dXy8UJOlQJUCl/qixfiKgypKZuZ5JQiUBeisUH3XVByQ=="
        },
        "path": {
            "version": "0.12.7",
            "resolved": "https://registry.npmjs.org/path/-/path-0.12.7.tgz",
            "integrity": "sha1-1NwqUGxM4hl+tIHr/NWzbAFAsQ8=",
            "requires": {
                "process": "^0.11.1",
                "util": "^0.10.3"
            }
        },
        "php-parser": {
            "version": "3.0.0-prerelease.5",
            "resolved": "https://registry.npmjs.org/php-parser/-/php-parser-3.0.0-prerelease.5.tgz",
            "integrity": "sha512-4pznNUwc6rGoduOxgHp1+SoObrIgvf4sN70tMp/ym6u3e5N6Esk7wW8JrJ4twSaDCJoatIRMxVkHoFw8j7ny1w=="
        },
        "process": {
            "version": "0.11.10",
            "resolved": "https://registry.npmjs.org/process/-/process-0.11.10.tgz",
            "integrity": "sha1-czIwDoQBYb2j5podHZGn1LwW8YI="
        },
        "util": {
            "version": "0.10.4",
            "resolved": "https://registry.npmjs.org/util/-/util-0.10.4.tgz",
            "integrity": "sha512-0Pm9hTQ3se5ll1XihRic3FDIku70C+iHUdT/W926rSgHV5QgXsYbKZN8MSC3tJtSkhuROzvsQjAaFENRXr+19A==",
            "requires": {
                "inherits": "2.0.3"
            }
        }
    }
}
